
Microsoft Visual Studio Solution File, Format Version 12.00
# Visual Studio Version 17
VisualStudioVersion = 17.11.35312.102
MinimumVisualStudioVersion = 10.0.40219.1
Project("{9A19103F-16F7-4668-BE54-9A1E7A4F7556}") = "KasaDefteriApp", "KasaDefteriApp.csproj", "{7EDD7AD3-E8A2-4C0E-96A3-66EE22B49426}"
EndProject
Global
	GlobalSection(SolutionConfigurationPlatforms) = preSolution
		Debug|Any CPU = Debug|Any CPU
		Release|Any CPU = Release|Any CPU
	EndGlobalSection
	GlobalSection(ProjectConfigurationPlatforms) = postSolution
		{7EDD7AD3-E8A2-4C0E-96A3-66EE22B49426}.Debug|Any CPU.ActiveCfg = Release|Any CPU
		{7EDD7AD3-E8A2-4C0E-96A3-66EE22B49426}.Debug|Any CPU.Build.0 = Release|Any CPU
		{7EDD7AD3-E8A2-4C0E-96A3-66EE22B49426}.Release|Any CPU.ActiveCfg = Release|Any CPU
		{7EDD7AD3-E8A2-4C0E-96A3-66EE22B49426}.Release|Any CPU.Build.0 = Release|Any CPU
	EndGlobalSection
	GlobalSection(SolutionProperties) = preSolution
		HideSolutionNode = FALSE
	EndGlobalSection
	GlobalSection(ExtensibilityGlobals) = postSolution
		SolutionGuid = {82DF3812-BBF7-4A7E-86D2-756FC8275701}
	EndGlobalSection
EndGlobal
